// !$*UTF8*$!
{
	archiveVersion = 1;
	classes = {
	};
	objectVersion = 77;
	objects = {

/* Begin PBXBuildFile section */
		04F0EF9E934C77E8E5D25D52 /* WatchDashboardView.swift in Sources */ = {isa = PBXBuildFile; fileRef = A104168C35B13E3EF37EDD35 /* WatchDashboardView.swift */; };
		0A908DAF7688D0F57833D148 /* WatchStepsView.swift in Sources */ = {isa = PBXBuildFile; fileRef = 08E3409C5B017EEB2A374449 /* WatchStepsView.swift */; };
		12EAA40649DDDC657311E31A /* MetricCardView.swift in Sources */ = {isa = PBXBuildFile; fileRef = BB9AB0531F4F7C538385EFED /* MetricCardView.swift */; };
		1669B0A3B3B9ADA087C17AED /* WidgetHealthService.swift in Sources */ = {isa = PBXBuildFile; fileRef = F22B38198CA624BF31402384 /* WidgetHealthService.swift */; };
		18255E8D82160A3F5474453B /* Assets.xcassets in Resources */ = {isa = PBXBuildFile; fileRef = BDFECC36750D0D4AC40E322C /* Assets.xcassets */; };
		1C4C55608FF6D6362126C041 /* WatchHealthService.swift in Sources */ = {isa = PBXBuildFile; fileRef = 355FC7A46CEB987C70B7FB4E /* WatchHealthService.swift */; };
		227ED691511C06024623D839 /* MetricDetailViewModel.swift in Sources */ = {isa = PBXBuildFile; fileRef = 986BEB6F1751C2A5B4E51732 /* MetricDetailViewModel.swift */; };
		25FB5B3AAD39F9D3FDC1F175 /* HealthDashboardViewModel.swift in Sources */ = {isa = PBXBuildFile; fileRef = D1459FB68D0B8287F525F142 /* HealthDashboardViewModel.swift */; };
		37AFDA73FFFAC9FD95A768A0 /* WatchHeartView.swift in Sources */ = {isa = PBXBuildFile; fileRef = 61D442100D6EA667DA7CB4D8 /* WatchHeartView.swift */; };
		3D4AA38B75CB2AA9AABF8DFF /* DashboardView.swift in Sources */ = {isa = PBXBuildFile; fileRef = 46ADC5811762376E0A30C313 /* DashboardView.swift */; };
		418280613E8241468AD2DD4A /* NovaPulseWidgetBundle.swift in Sources */ = {isa = PBXBuildFile; fileRef = E8AE2CF891D1F9FBA851D233 /* NovaPulseWidgetBundle.swift */; };
		5963F8B02FCC258A963BA33D /* NovaPulseApp.swift in Sources */ = {isa = PBXBuildFile; fileRef = 487629512B76F211107546F2 /* NovaPulseApp.swift */; };
		5D9C61EC2742604949C8E47F /* NovaPulseWidget.appex in Embed Foundation Extensions */ = {isa = PBXBuildFile; fileRef = C8E52646A372BDCF85F74637 /* NovaPulseWidget.appex */; settings = {ATTRIBUTES = (RemoveHeadersOnCopy, ); }; };
		6C5C41B42879027B83E3C554 /* NovaPulseWatchApp.swift in Sources */ = {isa = PBXBuildFile; fileRef = EC685A107B2EA21E4BAABF05 /* NovaPulseWatchApp.swift */; };
		6CBD45232B9EC61080BB0721 /* VitalityScoreView.swift in Sources */ = {isa = PBXBuildFile; fileRef = 458ED15358E205C30CFBBAA8 /* VitalityScoreView.swift */; };
		865E1378AE087CCB198B10B4 /* NovaPulseWatchWidget.swift in Sources */ = {isa = PBXBuildFile; fileRef = C17C5739297B30DD2BB9D9D1 /* NovaPulseWatchWidget.swift */; };
		87708DE0BC11F6791FEC24AF /* HealthKitService.swift in Sources */ = {isa = PBXBuildFile; fileRef = 1D6B4A2A156DF848EEC43695 /* HealthKitService.swift */; };
		9095FCB3942D718E6C4522A5 /* Assets.xcassets in Resources */ = {isa = PBXBuildFile; fileRef = D0D0ECB8C4896383D62D1642 /* Assets.xcassets */; };
		93C02AC10391228485E5A1B5 /* HealthMetric.swift in Sources */ = {isa = PBXBuildFile; fileRef = 221457D01A53289A9E655DF4 /* HealthMetric.swift */; };
		AE24898A3891108BF9EC5116 /* StepsWidget.swift in Sources */ = {isa = PBXBuildFile; fileRef = DFECC3177A483D2D8D5B3207 /* StepsWidget.swift */; };
		BBAF5239FA99346B4FF1E4C5 /* InsightsView.swift in Sources */ = {isa = PBXBuildFile; fileRef = B48816D99F6A525917B7B6D6 /* InsightsView.swift */; };
		BD5733CBAB7EB66DFD9A696E /* Color+Theme.swift in Sources */ = {isa = PBXBuildFile; fileRef = 2553B2A33CF19BAF632B5CFF /* Color+Theme.swift */; };
		C3C82C5FE71B688347E9644A /* Assets.xcassets in Resources */ = {isa = PBXBuildFile; fileRef = D137671768B3A1B40D60B428 /* Assets.xcassets */; };
		C73D0F4CD57BE0C53C488B35 /* NovaPulseWatchWidget.appex in Embed Foundation Extensions */ = {isa = PBXBuildFile; fileRef = A12B2ABE990CB9D42D126B51 /* NovaPulseWatchWidget.appex */; settings = {ATTRIBUTES = (RemoveHeadersOnCopy, ); }; };
		C805DAD93D97E67CC67747CB /* PermissionView.swift in Sources */ = {isa = PBXBuildFile; fileRef = AADFFB7D74F78D708D7CD6F4 /* PermissionView.swift */; };
		D1ACD513C4F9F999346BB8B7 /* ContentView.swift in Sources */ = {isa = PBXBuildFile; fileRef = 4A7CB9B522B6169F110F2C74 /* ContentView.swift */; };
		D4EA3A82A7F3277A4B8288A4 /* WatchHealthViewModel.swift in Sources */ = {isa = PBXBuildFile; fileRef = 01CFDE3E96004E953D228BB2 /* WatchHealthViewModel.swift */; };
		E91A4FD3F687A4B04EB910FB /* WatchActivityView.swift in Sources */ = {isa = PBXBuildFile; fileRef = 01193C5435E107290490F332 /* WatchActivityView.swift */; };
		EF22C24A154D530F1137834C /* VitalityScore.swift in Sources */ = {isa = PBXBuildFile; fileRef = A34FD76DFEA685F3381C540B /* VitalityScore.swift */; };
		F06622D5B201083EE5AC0605 /* NovaPulseWatch.app in Embed Watch Content */ = {isa = PBXBuildFile; fileRef = 65C5DF08A97A57AF465FAC85 /* NovaPulseWatch.app */; settings = {ATTRIBUTES = (RemoveHeadersOnCopy, ); }; };
		FC689C25FD0B737680A34A33 /* Assets.xcassets in Resources */ = {isa = PBXBuildFile; fileRef = BA57F7B2061D0277B17E3125 /* Assets.xcassets */; };
		FCDF7A30803DB473517F7708 /* MetricDetailView.swift in Sources */ = {isa = PBXBuildFile; fileRef = 83D934D92F211E074B317CEE /* MetricDetailView.swift */; };
/* End PBXBuildFile section */

/* Begin PBXContainerItemProxy section */
		4672E5F04B475147BE2CE6F9 /* PBXContainerItemProxy */ = {
			isa = PBXContainerItemProxy;
			containerPortal = E121263AB4EFEC7D945EA220 /* Project object */;
			proxyType = 1;
			remoteGlobalIDString = 573E92326F370EB5C5CBFE61;
			remoteInfo = NovaPulseWatch;
		};
		808FACECEE42B4E731906B0E /* PBXContainerItemProxy */ = {
			isa = PBXContainerItemProxy;
			containerPortal = E121263AB4EFEC7D945EA220 /* Project object */;
			proxyType = 1;
			remoteGlobalIDString = ED1F12A08347E7FF000DCEE4;
			remoteInfo = NovaPulseWatchWidget;
		};
		CD538242A6BDF4C53654B945 /* PBXContainerItemProxy */ = {
			isa = PBXContainerItemProxy;
			containerPortal = E121263AB4EFEC7D945EA220 /* Project object */;
			proxyType = 1;
			remoteGlobalIDString = 27C89E2413B62518BFE9AD88;
			remoteInfo = NovaPulseWidget;
		};
/* End PBXContainerItemProxy section */

/* Begin PBXCopyFilesBuildPhase section */
		7C218333805193B783B9359D /* Embed Watch Content */ = {
			isa = PBXCopyFilesBuildPhase;
			buildActionMask = 2147483647;
			dstPath = "$(CONTENTS_FOLDER_PATH)/Watch";
			dstSubfolderSpec = 16;
			files = (
				F06622D5B201083EE5AC0605 /* NovaPulseWatch.app in Embed Watch Content */,
			);
			name = "Embed Watch Content";
			runOnlyForDeploymentPostprocessing = 0;
		};
		86FA451773AB7D3970E3CF99 /* Embed Foundation Extensions */ = {
			isa = PBXCopyFilesBuildPhase;
			buildActionMask = 2147483647;
			dstPath = "";
			dstSubfolderSpec = 13;
			files = (
				C73D0F4CD57BE0C53C488B35 /* NovaPulseWatchWidget.appex in Embed Foundation Extensions */,
			);
			name = "Embed Foundation Extensions";
			runOnlyForDeploymentPostprocessing = 0;
		};
		EC545C15A0FEEFFE973326DA /* Embed Foundation Extensions */ = {
			isa = PBXCopyFilesBuildPhase;
			buildActionMask = 2147483647;
			dstPath = "";
			dstSubfolderSpec = 13;
			files = (
				5D9C61EC2742604949C8E47F /* NovaPulseWidget.appex in Embed Foundation Extensions */,
			);
			name = "Embed Foundation Extensions";
			runOnlyForDeploymentPostprocessing = 0;
		};
/* End PBXCopyFilesBuildPhase section */

/* Begin PBXFileReference section */
		01193C5435E107290490F332 /* WatchActivityView.swift */ = {isa = PBXFileReference; lastKnownFileType = sourcecode.swift; path = WatchActivityView.swift; sourceTree = "<group>"; };
		01CFDE3E96004E953D228BB2 /* WatchHealthViewModel.swift */ = {isa = PBXFileReference; lastKnownFileType = sourcecode.swift; path = WatchHealthViewModel.swift; sourceTree = "<group>"; };
		081EF353588CCD2AAA599D40 /* Info.plist */ = {isa = PBXFileReference; lastKnownFileType = text.plist; path = Info.plist; sourceTree = "<group>"; };
		08E3409C5B017EEB2A374449 /* WatchStepsView.swift */ = {isa = PBXFileReference; lastKnownFileType = sourcecode.swift; path = WatchStepsView.swift; sourceTree = "<group>"; };
		1D6B4A2A156DF848EEC43695 /* HealthKitService.swift */ = {isa = PBXFileReference; lastKnownFileType = sourcecode.swift; path = HealthKitService.swift; sourceTree = "<group>"; };
		221457D01A53289A9E655DF4 /* HealthMetric.swift */ = {isa = PBXFileReference; lastKnownFileType = sourcecode.swift; path = HealthMetric.swift; sourceTree = "<group>"; };
		2553B2A33CF19BAF632B5CFF /* Color+Theme.swift */ = {isa = PBXFileReference; lastKnownFileType = sourcecode.swift; path = "Color+Theme.swift"; sourceTree = "<group>"; };
		3411B1016C3DDAA810FF699F /* Info.plist */ = {isa = PBXFileReference; lastKnownFileType = text.plist; path = Info.plist; sourceTree = "<group>"; };
		355FC7A46CEB987C70B7FB4E /* WatchHealthService.swift */ = {isa = PBXFileReference; lastKnownFileType = sourcecode.swift; path = WatchHealthService.swift; sourceTree = "<group>"; };
		458ED15358E205C30CFBBAA8 /* VitalityScoreView.swift */ = {isa = PBXFileReference; lastKnownFileType = sourcecode.swift; path = VitalityScoreView.swift; sourceTree = "<group>"; };
		46ADC5811762376E0A30C313 /* DashboardView.swift */ = {isa = PBXFileReference; lastKnownFileType = sourcecode.swift; path = DashboardView.swift; sourceTree = "<group>"; };
		487629512B76F211107546F2 /* NovaPulseApp.swift */ = {isa = PBXFileReference; lastKnownFileType = sourcecode.swift; path = NovaPulseApp.swift; sourceTree = "<group>"; };
		4A7CB9B522B6169F110F2C74 /* ContentView.swift */ = {isa = PBXFileReference; lastKnownFileType = sourcecode.swift; path = ContentView.swift; sourceTree = "<group>"; };
		53E104E3C1A189E23CB98450 /* NovaPulse.app */ = {isa = PBXFileReference; includeInIndex = 0; lastKnownFileType = wrapper.application; path = NovaPulse.app; sourceTree = BUILT_PRODUCTS_DIR; };
		61D442100D6EA667DA7CB4D8 /* WatchHeartView.swift */ = {isa = PBXFileReference; lastKnownFileType = sourcecode.swift; path = WatchHeartView.swift; sourceTree = "<group>"; };
		65C5DF08A97A57AF465FAC85 /* NovaPulseWatch.app */ = {isa = PBXFileReference; explicitFileType = wrapper.application; includeInIndex = 0; path = NovaPulseWatch.app; sourceTree = BUILT_PRODUCTS_DIR; };
		76D367B66FB6F152480533E4 /* NovaPulse.entitlements */ = {isa = PBXFileReference; lastKnownFileType = text.plist.entitlements; path = NovaPulse.entitlements; sourceTree = "<group>"; };
		83D934D92F211E074B317CEE /* MetricDetailView.swift */ = {isa = PBXFileReference; lastKnownFileType = sourcecode.swift; path = MetricDetailView.swift; sourceTree = "<group>"; };
		91089A3A1B813ACC8107AEE3 /* NovaPulseWatch.entitlements */ = {isa = PBXFileReference; lastKnownFileType = text.plist.entitlements; path = NovaPulseWatch.entitlements; sourceTree = "<group>"; };
		93442FF1522E0E6B76A30D30 /* NovaPulseWatchWidget.entitlements */ = {isa = PBXFileReference; lastKnownFileType = text.plist.entitlements; path = NovaPulseWatchWidget.entitlements; sourceTree = "<group>"; };
		986BEB6F1751C2A5B4E51732 /* MetricDetailViewModel.swift */ = {isa = PBXFileReference; lastKnownFileType = sourcecode.swift; path = MetricDetailViewModel.swift; sourceTree = "<group>"; };
		A104168C35B13E3EF37EDD35 /* WatchDashboardView.swift */ = {isa = PBXFileReference; lastKnownFileType = sourcecode.swift; path = WatchDashboardView.swift; sourceTree = "<group>"; };
		A12B2ABE990CB9D42D126B51 /* NovaPulseWatchWidget.appex */ = {isa = PBXFileReference; explicitFileType = "wrapper.app-extension"; includeInIndex = 0; path = NovaPulseWatchWidget.appex; sourceTree = BUILT_PRODUCTS_DIR; };
		A2BECAE32F912B439C4833C4 /* Info.plist */ = {isa = PBXFileReference; lastKnownFileType = text.plist; path = Info.plist; sourceTree = "<group>"; };
		A34FD76DFEA685F3381C540B /* VitalityScore.swift */ = {isa = PBXFileReference; lastKnownFileType = sourcecode.swift; path = VitalityScore.swift; sourceTree = "<group>"; };
		AADFFB7D74F78D708D7CD6F4 /* PermissionView.swift */ = {isa = PBXFileReference; lastKnownFileType = sourcecode.swift; path = PermissionView.swift; sourceTree = "<group>"; };
		B48816D99F6A525917B7B6D6 /* InsightsView.swift */ = {isa = PBXFileReference; lastKnownFileType = sourcecode.swift; path = InsightsView.swift; sourceTree = "<group>"; };
		BA57F7B2061D0277B17E3125 /* Assets.xcassets */ = {isa = PBXFileReference; lastKnownFileType = folder.assetcatalog; path = Assets.xcassets; sourceTree = "<group>"; };
		BB9AB0531F4F7C538385EFED /* MetricCardView.swift */ = {isa = PBXFileReference; lastKnownFileType = sourcecode.swift; path = MetricCardView.swift; sourceTree = "<group>"; };
		BDFECC36750D0D4AC40E322C /* Assets.xcassets */ = {isa = PBXFileReference; lastKnownFileType = folder.assetcatalog; path = Assets.xcassets; sourceTree = "<group>"; };
		C17C5739297B30DD2BB9D9D1 /* NovaPulseWatchWidget.swift */ = {isa = PBXFileReference; lastKnownFileType = sourcecode.swift; path = NovaPulseWatchWidget.swift; sourceTree = "<group>"; };
		C1D16A08C20516788B3AF219 /* NovaPulseWidget.entitlements */ = {isa = PBXFileReference; lastKnownFileType = text.plist.entitlements; path = NovaPulseWidget.entitlements; sourceTree = "<group>"; };
		C8E52646A372BDCF85F74637 /* NovaPulseWidget.appex */ = {isa = PBXFileReference; includeInIndex = 0; lastKnownFileType = "wrapper.app-extension"; path = NovaPulseWidget.appex; sourceTree = BUILT_PRODUCTS_DIR; };
		D0D0ECB8C4896383D62D1642 /* Assets.xcassets */ = {isa = PBXFileReference; lastKnownFileType = folder.assetcatalog; path = Assets.xcassets; sourceTree = "<group>"; };
		D137671768B3A1B40D60B428 /* Assets.xcassets */ = {isa = PBXFileReference; lastKnownFileType = folder.assetcatalog; path = Assets.xcassets; sourceTree = "<group>"; };
		D1459FB68D0B8287F525F142 /* HealthDashboardViewModel.swift */ = {isa = PBXFileReference; lastKnownFileType = sourcecode.swift; path = HealthDashboardViewModel.swift; sourceTree = "<group>"; };
		DFECC3177A483D2D8D5B3207 /* StepsWidget.swift */ = {isa = PBXFileReference; lastKnownFileType = sourcecode.swift; path = StepsWidget.swift; sourceTree = "<group>"; };
		E8AE2CF891D1F9FBA851D233 /* NovaPulseWidgetBundle.swift */ = {isa = PBXFileReference; lastKnownFileType = sourcecode.swift; path = NovaPulseWidgetBundle.swift; sourceTree = "<group>"; };
		EC685A107B2EA21E4BAABF05 /* NovaPulseWatchApp.swift */ = {isa = PBXFileReference; lastKnownFileType = sourcecode.swift; path = NovaPulseWatchApp.swift; sourceTree = "<group>"; };
		F22B38198CA624BF31402384 /* WidgetHealthService.swift */ = {isa = PBXFileReference; lastKnownFileType = sourcecode.swift; path = WidgetHealthService.swift; sourceTree = "<group>"; };
		FF28622F2C9E7A9BB98F2B32 /* Info.plist */ = {isa = PBXFileReference; lastKnownFileType = text.plist; path = Info.plist; sourceTree = "<group>"; };
/* End PBXFileReference section */

/* Begin PBXGroup section */
		1C51C61FA542463DE1620601 /* ViewModels */ = {
			isa = PBXGroup;
			children = (
				01CFDE3E96004E953D228BB2 /* WatchHealthViewModel.swift */,
			);
			path = ViewModels;
			sourceTree = "<group>";
		};
		1D08BE3233304F72ED550F01 /* Views */ = {
			isa = PBXGroup;
			children = (
				46ADC5811762376E0A30C313 /* DashboardView.swift */,
				B48816D99F6A525917B7B6D6 /* InsightsView.swift */,
				BB9AB0531F4F7C538385EFED /* MetricCardView.swift */,
				83D934D92F211E074B317CEE /* MetricDetailView.swift */,
				AADFFB7D74F78D708D7CD6F4 /* PermissionView.swift */,
				458ED15358E205C30CFBBAA8 /* VitalityScoreView.swift */,
			);
			path = Views;
			sourceTree = "<group>";
		};
		61E1F027E06AAA9353FEEE5A /* NovaPulseWatchWidget */ = {
			isa = PBXGroup;
			children = (
				BDFECC36750D0D4AC40E322C /* Assets.xcassets */,
				FF28622F2C9E7A9BB98F2B32 /* Info.plist */,
				93442FF1522E0E6B76A30D30 /* NovaPulseWatchWidget.entitlements */,
				C17C5739297B30DD2BB9D9D1 /* NovaPulseWatchWidget.swift */,
			);
			path = NovaPulseWatchWidget;
			sourceTree = "<group>";
		};
		6D4B997D4764421D7E35FB1C /* NovaPulseWatch */ = {
			isa = PBXGroup;
			children = (
				BA57F7B2061D0277B17E3125 /* Assets.xcassets */,
				081EF353588CCD2AAA599D40 /* Info.plist */,
				91089A3A1B813ACC8107AEE3 /* NovaPulseWatch.entitlements */,
				EC685A107B2EA21E4BAABF05 /* NovaPulseWatchApp.swift */,
				BEA41ECFA614C2664403423B /* Services */,
				1C51C61FA542463DE1620601 /* ViewModels */,
				FB8B2D731509D8D3E2C90450 /* Views */,
			);
			path = NovaPulseWatch;
			sourceTree = "<group>";
		};
		8103C44BE5FC816F9C63051A /* Services */ = {
			isa = PBXGroup;
			children = (
				1D6B4A2A156DF848EEC43695 /* HealthKitService.swift */,
			);
			path = Services;
			sourceTree = "<group>";
		};
		A57C74C2A6AF4897171ED420 /* ViewModels */ = {
			isa = PBXGroup;
			children = (
				D1459FB68D0B8287F525F142 /* HealthDashboardViewModel.swift */,
				986BEB6F1751C2A5B4E51732 /* MetricDetailViewModel.swift */,
			);
			path = ViewModels;
			sourceTree = "<group>";
		};
		B0314BC1353986B5BFC5246D /* Products */ = {
			isa = PBXGroup;
			children = (
				53E104E3C1A189E23CB98450 /* NovaPulse.app */,
				65C5DF08A97A57AF465FAC85 /* NovaPulseWatch.app */,
				A12B2ABE990CB9D42D126B51 /* NovaPulseWatchWidget.appex */,
				C8E52646A372BDCF85F74637 /* NovaPulseWidget.appex */,
			);
			name = Products;
			sourceTree = "<group>";
		};
		B1DFFCE2FA73A4FBECD18618 /* NovaPulse */ = {
			isa = PBXGroup;
			children = (
				D137671768B3A1B40D60B428 /* Assets.xcassets */,
				76D367B66FB6F152480533E4 /* NovaPulse.entitlements */,
				C3C5A994F28928CE4B50D1C3 /* App */,
				D2915D90B780AC92A98EAA44 /* Extensions */,
				DB58E77EC6A502087EEF6F82 /* Models */,
				C105ED3F8C642BF0A69ADEE9 /* Resources */,
				8103C44BE5FC816F9C63051A /* Services */,
				A57C74C2A6AF4897171ED420 /* ViewModels */,
				1D08BE3233304F72ED550F01 /* Views */,
			);
			path = NovaPulse;
			sourceTree = "<group>";
		};
		BEA41ECFA614C2664403423B /* Services */ = {
			isa = PBXGroup;
			children = (
				355FC7A46CEB987C70B7FB4E /* WatchHealthService.swift */,
			);
			path = Services;
			sourceTree = "<group>";
		};
		C105ED3F8C642BF0A69ADEE9 /* Resources */ = {
			isa = PBXGroup;
			children = (
				3411B1016C3DDAA810FF699F /* Info.plist */,
			);
			path = Resources;
			sourceTree = "<group>";
		};
		C3C5A994F28928CE4B50D1C3 /* App */ = {
			isa = PBXGroup;
			children = (
				4A7CB9B522B6169F110F2C74 /* ContentView.swift */,
				487629512B76F211107546F2 /* NovaPulseApp.swift */,
			);
			path = App;
			sourceTree = "<group>";
		};
		C95A427FE5147B7D166E33CA /* NovaPulseWidget */ = {
			isa = PBXGroup;
			children = (
				D0D0ECB8C4896383D62D1642 /* Assets.xcassets */,
				A2BECAE32F912B439C4833C4 /* Info.plist */,
				C1D16A08C20516788B3AF219 /* NovaPulseWidget.entitlements */,
				E8AE2CF891D1F9FBA851D233 /* NovaPulseWidgetBundle.swift */,
				DFECC3177A483D2D8D5B3207 /* StepsWidget.swift */,
				F22B38198CA624BF31402384 /* WidgetHealthService.swift */,
			);
			path = NovaPulseWidget;
			sourceTree = "<group>";
		};
		D2915D90B780AC92A98EAA44 /* Extensions */ = {
			isa = PBXGroup;
			children = (
				2553B2A33CF19BAF632B5CFF /* Color+Theme.swift */,
			);
			path = Extensions;
			sourceTree = "<group>";
		};
		DB58E77EC6A502087EEF6F82 /* Models */ = {
			isa = PBXGroup;
			children = (
				221457D01A53289A9E655DF4 /* HealthMetric.swift */,
				A34FD76DFEA685F3381C540B /* VitalityScore.swift */,
			);
			path = Models;
			sourceTree = "<group>";
		};
		EDF8BF0D826A2FD57D9D7AE6 = {
			isa = PBXGroup;
			children = (
				B1DFFCE2FA73A4FBECD18618 /* NovaPulse */,
				6D4B997D4764421D7E35FB1C /* NovaPulseWatch */,
				61E1F027E06AAA9353FEEE5A /* NovaPulseWatchWidget */,
				C95A427FE5147B7D166E33CA /* NovaPulseWidget */,
				B0314BC1353986B5BFC5246D /* Products */,
			);
			sourceTree = "<group>";
		};
		FB8B2D731509D8D3E2C90450 /* Views */ = {
			isa = PBXGroup;
			children = (
				01193C5435E107290490F332 /* WatchActivityView.swift */,
				A104168C35B13E3EF37EDD35 /* WatchDashboardView.swift */,
				61D442100D6EA667DA7CB4D8 /* WatchHeartView.swift */,
				08E3409C5B017EEB2A374449 /* WatchStepsView.swift */,
			);
			path = Views;
			sourceTree = "<group>";
		};
/* End PBXGroup section */

/* Begin PBXNativeTarget section */
		27C89E2413B62518BFE9AD88 /* NovaPulseWidget */ = {
			isa = PBXNativeTarget;
			buildConfigurationList = C2BFCE0107B08CE95F6AB933 /* Build configuration list for PBXNativeTarget "NovaPulseWidget" */;
			buildPhases = (
				DBCD15597F7A05DB60DFE2D0 /* Sources */,
				73ADCBBCE6FC0892A95B7F9B /* Resources */,
			);
			buildRules = (
			);
			dependencies = (
			);
			name = NovaPulseWidget;
			packageProductDependencies = (
			);
			productName = NovaPulseWidget;
			productReference = C8E52646A372BDCF85F74637 /* NovaPulseWidget.appex */;
			productType = "com.apple.product-type.app-extension";
		};
		573E92326F370EB5C5CBFE61 /* NovaPulseWatch */ = {
			isa = PBXNativeTarget;
			buildConfigurationList = EC7E0AF505C38E9A92A73C40 /* Build configuration list for PBXNativeTarget "NovaPulseWatch" */;
			buildPhases = (
				48312D5E84C269C8FDFBCC66 /* Sources */,
				D848E92F37413EDCFD981477 /* Resources */,
				86FA451773AB7D3970E3CF99 /* Embed Foundation Extensions */,
			);
			buildRules = (
			);
			dependencies = (
				D5570E2C6526A7B64BE3074D /* PBXTargetDependency */,
			);
			name = NovaPulseWatch;
			packageProductDependencies = (
			);
			productName = NovaPulseWatch;
			productReference = 65C5DF08A97A57AF465FAC85 /* NovaPulseWatch.app */;
			productType = "com.apple.product-type.application";
		};
		BFD26DE83C3A634266C50C25 /* NovaPulse */ = {
			isa = PBXNativeTarget;
			buildConfigurationList = 610104E62BD0AFD37C97263D /* Build configuration list for PBXNativeTarget "NovaPulse" */;
			buildPhases = (
				B0623E25D1EA952ECE134B3B /* Sources */,
				F824B07C828B05B22D15D2C4 /* Resources */,
				EC545C15A0FEEFFE973326DA /* Embed Foundation Extensions */,
				7C218333805193B783B9359D /* Embed Watch Content */,
			);
			buildRules = (
			);
			dependencies = (
				12FC540CDDE1D8D716D8DC4E /* PBXTargetDependency */,
				1FB4AFC43D44DA3AAE56D472 /* PBXTargetDependency */,
			);
			name = NovaPulse;
			packageProductDependencies = (
			);
			productName = NovaPulse;
			productReference = 53E104E3C1A189E23CB98450 /* NovaPulse.app */;
			productType = "com.apple.product-type.application";
		};
		ED1F12A08347E7FF000DCEE4 /* NovaPulseWatchWidget */ = {
			isa = PBXNativeTarget;
			buildConfigurationList = E13C9EB7019C492A8E423EC3 /* Build configuration list for PBXNativeTarget "NovaPulseWatchWidget" */;
			buildPhases = (
				329794D0B35B4052E5A8FDF4 /* Sources */,
				DB5AB0A201CE879B67E3EDE5 /* Resources */,
			);
			buildRules = (
			);
			dependencies = (
			);
			name = NovaPulseWatchWidget;
			packageProductDependencies = (
			);
			productName = NovaPulseWatchWidget;
			productReference = A12B2ABE990CB9D42D126B51 /* NovaPulseWatchWidget.appex */;
			productType = "com.apple.product-type.app-extension";
		};
/* End PBXNativeTarget section */

/* Begin PBXProject section */
		E121263AB4EFEC7D945EA220 /* Project object */ = {
			isa = PBXProject;
			attributes = {
				BuildIndependentTargetsInParallel = YES;
				LastUpgradeCheck = 1430;
			};
			buildConfigurationList = A6B2459210EFCD6EFA0B53A4 /* Build configuration list for PBXProject "NovaPulse" */;
			compatibilityVersion = "Xcode 14.0";
			developmentRegion = en;
			hasScannedForEncodings = 0;
			knownRegions = (
				Base,
				en,
			);
			mainGroup = EDF8BF0D826A2FD57D9D7AE6;
			minimizedProjectReferenceProxies = 1;
			preferredProjectObjectVersion = 77;
			projectDirPath = "";
			projectRoot = "";
			targets = (
				BFD26DE83C3A634266C50C25 /* NovaPulse */,
				573E92326F370EB5C5CBFE61 /* NovaPulseWatch */,
				ED1F12A08347E7FF000DCEE4 /* NovaPulseWatchWidget */,
				27C89E2413B62518BFE9AD88 /* NovaPulseWidget */,
			);
		};
/* End PBXProject section */

/* Begin PBXResourcesBuildPhase section */
		73ADCBBCE6FC0892A95B7F9B /* Resources */ = {
			isa = PBXResourcesBuildPhase;
			buildActionMask = 2147483647;
			files = (
				9095FCB3942D718E6C4522A5 /* Assets.xcassets in Resources */,
			);
			runOnlyForDeploymentPostprocessing = 0;
		};
		D848E92F37413EDCFD981477 /* Resources */ = {
			isa = PBXResourcesBuildPhase;
			buildActionMask = 2147483647;
			files = (
				FC689C25FD0B737680A34A33 /* Assets.xcassets in Resources */,
			);
			runOnlyForDeploymentPostprocessing = 0;
		};
		DB5AB0A201CE879B67E3EDE5 /* Resources */ = {
			isa = PBXResourcesBuildPhase;
			buildActionMask = 2147483647;
			files = (
				18255E8D82160A3F5474453B /* Assets.xcassets in Resources */,
			);
			runOnlyForDeploymentPostprocessing = 0;
		};
		F824B07C828B05B22D15D2C4 /* Resources */ = {
			isa = PBXResourcesBuildPhase;
			buildActionMask = 2147483647;
			files = (
				C3C82C5FE71B688347E9644A /* Assets.xcassets in Resources */,
			);
			runOnlyForDeploymentPostprocessing = 0;
		};
/* End PBXResourcesBuildPhase section */

/* Begin PBXSourcesBuildPhase section */
		329794D0B35B4052E5A8FDF4 /* Sources */ = {
			isa = PBXSourcesBuildPhase;
			buildActionMask = 2147483647;
			files = (
				865E1378AE087CCB198B10B4 /* NovaPulseWatchWidget.swift in Sources */,
			);
			runOnlyForDeploymentPostprocessing = 0;
		};
		48312D5E84C269C8FDFBCC66 /* Sources */ = {
			isa = PBXSourcesBuildPhase;
			buildActionMask = 2147483647;
			files = (
				6C5C41B42879027B83E3C554 /* NovaPulseWatchApp.swift in Sources */,
				E91A4FD3F687A4B04EB910FB /* WatchActivityView.swift in Sources */,
				04F0EF9E934C77E8E5D25D52 /* WatchDashboardView.swift in Sources */,
				1C4C55608FF6D6362126C041 /* WatchHealthService.swift in Sources */,
				D4EA3A82A7F3277A4B8288A4 /* WatchHealthViewModel.swift in Sources */,
				37AFDA73FFFAC9FD95A768A0 /* WatchHeartView.swift in Sources */,
				0A908DAF7688D0F57833D148 /* WatchStepsView.swift in Sources */,
			);
			runOnlyForDeploymentPostprocessing = 0;
		};
		B0623E25D1EA952ECE134B3B /* Sources */ = {
			isa = PBXSourcesBuildPhase;
			buildActionMask = 2147483647;
			files = (
				BD5733CBAB7EB66DFD9A696E /* Color+Theme.swift in Sources */,
				D1ACD513C4F9F999346BB8B7 /* ContentView.swift in Sources */,
				3D4AA38B75CB2AA9AABF8DFF /* DashboardView.swift in Sources */,
				25FB5B3AAD39F9D3FDC1F175 /* HealthDashboardViewModel.swift in Sources */,
				87708DE0BC11F6791FEC24AF /* HealthKitService.swift in Sources */,
				93C02AC10391228485E5A1B5 /* HealthMetric.swift in Sources */,
				BBAF5239FA99346B4FF1E4C5 /* InsightsView.swift in Sources */,
				12EAA40649DDDC657311E31A /* MetricCardView.swift in Sources */,
				FCDF7A30803DB473517F7708 /* MetricDetailView.swift in Sources */,
				227ED691511C06024623D839 /* MetricDetailViewModel.swift in Sources */,
				5963F8B02FCC258A963BA33D /* NovaPulseApp.swift in Sources */,
				C805DAD93D97E67CC67747CB /* PermissionView.swift in Sources */,
				EF22C24A154D530F1137834C /* VitalityScore.swift in Sources */,
				6CBD45232B9EC61080BB0721 /* VitalityScoreView.swift in Sources */,
			);
			runOnlyForDeploymentPostprocessing = 0;
		};
		DBCD15597F7A05DB60DFE2D0 /* Sources */ = {
			isa = PBXSourcesBuildPhase;
			buildActionMask = 2147483647;
			files = (
				418280613E8241468AD2DD4A /* NovaPulseWidgetBundle.swift in Sources */,
				AE24898A3891108BF9EC5116 /* StepsWidget.swift in Sources */,
				1669B0A3B3B9ADA087C17AED /* WidgetHealthService.swift in Sources */,
			);
			runOnlyForDeploymentPostprocessing = 0;
		};
/* End PBXSourcesBuildPhase section */

/* Begin PBXTargetDependency section */
		12FC540CDDE1D8D716D8DC4E /* PBXTargetDependency */ = {
			isa = PBXTargetDependency;
			target = 27C89E2413B62518BFE9AD88 /* NovaPulseWidget */;
			targetProxy = CD538242A6BDF4C53654B945 /* PBXContainerItemProxy */;
		};
		1FB4AFC43D44DA3AAE56D472 /* PBXTargetDependency */ = {
			isa = PBXTargetDependency;
			target = 573E92326F370EB5C5CBFE61 /* NovaPulseWatch */;
			targetProxy = 4672E5F04B475147BE2CE6F9 /* PBXContainerItemProxy */;
		};
		D5570E2C6526A7B64BE3074D /* PBXTargetDependency */ = {
			isa = PBXTargetDependency;
			target = ED1F12A08347E7FF000DCEE4 /* NovaPulseWatchWidget */;
			targetProxy = 808FACECEE42B4E731906B0E /* PBXContainerItemProxy */;
		};
/* End PBXTargetDependency section */

/* Begin XCBuildConfiguration section */
		0C82D4B24567E87FDF2ECB15 /* Release */ = {
			isa = XCBuildConfiguration;
			buildSettings = {
				ASSETCATALOG_COMPILER_APPICON_NAME = AppIcon;
				CODE_SIGN_ENTITLEMENTS = NovaPulseWatch/NovaPulseWatch.entitlements;
				ENABLE_PREVIEWS = YES;
				INFOPLIST_FILE = NovaPulseWatch/Info.plist;
				PRODUCT_BUNDLE_IDENTIFIER = com.ryankaya.novapulse.watchkitapp;
				SDKROOT = watchos;
				SKIP_INSTALL = YES;
				TARGETED_DEVICE_FAMILY = 4;
				WATCHOS_DEPLOYMENT_TARGET = 10.0;
			};
			name = Release;
		};
		1CCDE94FA4881B58533111D9 /* Release */ = {
			isa = XCBuildConfiguration;
			buildSettings = {
				CODE_SIGN_ENTITLEMENTS = NovaPulseWatchWidget/NovaPulseWatchWidget.entitlements;
				INFOPLIST_FILE = NovaPulseWatchWidget/Info.plist;
				LD_RUNPATH_SEARCH_PATHS = (
					"$(inherited)",
					"@executable_path/Frameworks",
					"@executable_path/../../Frameworks",
				);
				PRODUCT_BUNDLE_IDENTIFIER = com.ryankaya.novapulse.watchkitapp.watchwidget;
				SDKROOT = watchos;
				SKIP_INSTALL = YES;
				TARGETED_DEVICE_FAMILY = 4;
				WATCHOS_DEPLOYMENT_TARGET = 10.0;
			};
			name = Release;
		};
		465B4CB4802F606CEF163972 /* Debug */ = {
			isa = XCBuildConfiguration;
			buildSettings = {
				CODE_SIGN_ENTITLEMENTS = NovaPulseWatchWidget/NovaPulseWatchWidget.entitlements;
				INFOPLIST_FILE = NovaPulseWatchWidget/Info.plist;
				LD_RUNPATH_SEARCH_PATHS = (
					"$(inherited)",
					"@executable_path/Frameworks",
					"@executable_path/../../Frameworks",
				);
				PRODUCT_BUNDLE_IDENTIFIER = com.ryankaya.novapulse.watchkitapp.watchwidget;
				SDKROOT = watchos;
				SKIP_INSTALL = YES;
				TARGETED_DEVICE_FAMILY = 4;
				WATCHOS_DEPLOYMENT_TARGET = 10.0;
			};
			name = Debug;
		};
		846557891D72A5D36B694C5B /* Debug */ = {
			isa = XCBuildConfiguration;
			buildSettings = {
				ASSETCATALOG_COMPILER_APPICON_NAME = AppIcon;
				CODE_SIGN_ENTITLEMENTS = NovaPulseWatch/NovaPulseWatch.entitlements;
				ENABLE_PREVIEWS = YES;
				INFOPLIST_FILE = NovaPulseWatch/Info.plist;
				PRODUCT_BUNDLE_IDENTIFIER = com.ryankaya.novapulse.watchkitapp;
				SDKROOT = watchos;
				SKIP_INSTALL = YES;
				TARGETED_DEVICE_FAMILY = 4;
				WATCHOS_DEPLOYMENT_TARGET = 10.0;
			};
			name = Debug;
		};
		9475FA940EC0B25939299794 /* Release */ = {
			isa = XCBuildConfiguration;
			buildSettings = {
				ASSETCATALOG_COMPILER_APPICON_NAME = AppIcon;
				ASSETCATALOG_COMPILER_GLOBAL_ACCENT_COLOR_NAME = AccentColor;
				CODE_SIGN_ENTITLEMENTS = NovaPulse/NovaPulse.entitlements;
				CODE_SIGN_IDENTITY = "iPhone Developer";
				ENABLE_PREVIEWS = YES;
				INFOPLIST_FILE = NovaPulse/Resources/Info.plist;
				IPHONEOS_DEPLOYMENT_TARGET = 17.0;
				LD_RUNPATH_SEARCH_PATHS = (
					"$(inherited)",
					"@executable_path/Frameworks",
				);
				PRODUCT_BUNDLE_IDENTIFIER = com.ryankaya.novapulse;
				SDKROOT = iphoneos;
				SWIFT_ACTIVE_COMPILATION_CONDITIONS = DEBUG;
				TARGETED_DEVICE_FAMILY = "1,2";
			};
			name = Release;
		};
		D09F3278804C9479AA890739 /* Debug */ = {
			isa = XCBuildConfiguration;
			buildSettings = {
				ALWAYS_SEARCH_USER_PATHS = NO;
				CLANG_ANALYZER_NONNULL = YES;
				CLANG_ANALYZER_NUMBER_OBJECT_CONVERSION = YES_AGGRESSIVE;
				CLANG_CXX_LANGUAGE_STANDARD = "gnu++14";
				CLANG_CXX_LIBRARY = "libc++";
				CLANG_ENABLE_MODULES = YES;
				CLANG_ENABLE_OBJC_ARC = YES;
				CLANG_ENABLE_OBJC_WEAK = YES;
				CLANG_WARN_BLOCK_CAPTURE_AUTORELEASING = YES;
				CLANG_WARN_BOOL_CONVERSION = YES;
				CLANG_WARN_COMMA = YES;
				CLANG_WARN_CONSTANT_CONVERSION = YES;
				CLANG_WARN_DEPRECATED_OBJC_IMPLEMENTATIONS = YES;
				CLANG_WARN_DIRECT_OBJC_ISA_USAGE = YES_ERROR;
				CLANG_WARN_DOCUMENTATION_COMMENTS = YES;
				CLANG_WARN_EMPTY_BODY = YES;
				CLANG_WARN_ENUM_CONVERSION = YES;
				CLANG_WARN_INFINITE_RECURSION = YES;
				CLANG_WARN_INT_CONVERSION = YES;
				CLANG_WARN_NON_LITERAL_NULL_CONVERSION = YES;
				CLANG_WARN_OBJC_IMPLICIT_RETAIN_SELF = YES;
				CLANG_WARN_OBJC_LITERAL_CONVERSION = YES;
				CLANG_WARN_OBJC_ROOT_CLASS = YES_ERROR;
				CLANG_WARN_QUOTED_INCLUDE_IN_FRAMEWORK_HEADER = YES;
				CLANG_WARN_RANGE_LOOP_ANALYSIS = YES;
				CLANG_WARN_STRICT_PROTOTYPES = YES;
				CLANG_WARN_SUSPICIOUS_MOVE = YES;
				CLANG_WARN_UNGUARDED_AVAILABILITY = YES_AGGRESSIVE;
				CLANG_WARN_UNREACHABLE_CODE = YES;
				CLANG_WARN__DUPLICATE_METHOD_MATCH = YES;
				COPY_PHASE_STRIP = NO;
				CURRENT_PROJECT_VERSION = 1;
				DEBUG_INFORMATION_FORMAT = dwarf;
				ENABLE_STRICT_OBJC_MSGSEND = YES;
				ENABLE_TESTABILITY = YES;
				GCC_C_LANGUAGE_STANDARD = gnu11;
				GCC_DYNAMIC_NO_PIC = NO;
				GCC_NO_COMMON_BLOCKS = YES;
				GCC_OPTIMIZATION_LEVEL = 0;
				GCC_PREPROCESSOR_DEFINITIONS = (
					"$(inherited)",
					"DEBUG=1",
				);
				GCC_WARN_64_TO_32_BIT_CONVERSION = YES;
				GCC_WARN_ABOUT_RETURN_TYPE = YES_ERROR;
				GCC_WARN_UNDECLARED_SELECTOR = YES;
				GCC_WARN_UNINITIALIZED_AUTOS = YES_AGGRESSIVE;
				GCC_WARN_UNUSED_FUNCTION = YES;
				GCC_WARN_UNUSED_VARIABLE = YES;
				IPHONEOS_DEPLOYMENT_TARGET = 17.0;
				MARKETING_VERSION = 1.0.0;
				MTL_ENABLE_DEBUG_INFO = INCLUDE_SOURCE;
				MTL_FAST_MATH = YES;
				ONLY_ACTIVE_ARCH = YES;
				PRODUCT_NAME = "$(TARGET_NAME)";
				SWIFT_ACTIVE_COMPILATION_CONDITIONS = DEBUG;
				SWIFT_OPTIMIZATION_LEVEL = "-Onone";
				SWIFT_VERSION = 5.9;
				WATCHOS_DEPLOYMENT_TARGET = 10.0;
			};
			name = Debug;
		};
		EF75514892988E400D0D56AF /* Debug */ = {
			isa = XCBuildConfiguration;
			buildSettings = {
				ASSETCATALOG_COMPILER_APPICON_NAME = AppIcon;
				ASSETCATALOG_COMPILER_GLOBAL_ACCENT_COLOR_NAME = AccentColor;
				CODE_SIGN_ENTITLEMENTS = NovaPulse/NovaPulse.entitlements;
				CODE_SIGN_IDENTITY = "iPhone Developer";
				ENABLE_PREVIEWS = YES;
				INFOPLIST_FILE = NovaPulse/Resources/Info.plist;
				IPHONEOS_DEPLOYMENT_TARGET = 17.0;
				LD_RUNPATH_SEARCH_PATHS = (
					"$(inherited)",
					"@executable_path/Frameworks",
				);
				PRODUCT_BUNDLE_IDENTIFIER = com.ryankaya.novapulse;
				SDKROOT = iphoneos;
				SWIFT_ACTIVE_COMPILATION_CONDITIONS = DEBUG;
				TARGETED_DEVICE_FAMILY = "1,2";
			};
			name = Debug;
		};
		F01986782E3BC08E248CBEFF /* Release */ = {
			isa = XCBuildConfiguration;
			buildSettings = {
				CODE_SIGN_ENTITLEMENTS = NovaPulseWidget/NovaPulseWidget.entitlements;
				INFOPLIST_FILE = NovaPulseWidget/Info.plist;
				IPHONEOS_DEPLOYMENT_TARGET = 17.0;
				LD_RUNPATH_SEARCH_PATHS = (
					"$(inherited)",
					"@executable_path/Frameworks",
					"@executable_path/../../Frameworks",
				);
				PRODUCT_BUNDLE_IDENTIFIER = com.ryankaya.novapulse.widget;
				SDKROOT = iphoneos;
				SKIP_INSTALL = YES;
				TARGETED_DEVICE_FAMILY = "1,2";
			};
			name = Release;
		};
		F879AC4B9A3033792BA8BCBB /* Debug */ = {
			isa = XCBuildConfiguration;
			buildSettings = {
				CODE_SIGN_ENTITLEMENTS = NovaPulseWidget/NovaPulseWidget.entitlements;
				INFOPLIST_FILE = NovaPulseWidget/Info.plist;
				IPHONEOS_DEPLOYMENT_TARGET = 17.0;
				LD_RUNPATH_SEARCH_PATHS = (
					"$(inherited)",
					"@executable_path/Frameworks",
					"@executable_path/../../Frameworks",
				);
				PRODUCT_BUNDLE_IDENTIFIER = com.ryankaya.novapulse.widget;
				SDKROOT = iphoneos;
				SKIP_INSTALL = YES;
				TARGETED_DEVICE_FAMILY = "1,2";
			};
			name = Debug;
		};
		F8C521627BB1F469A2F1A0DA /* Release */ = {
			isa = XCBuildConfiguration;
			buildSettings = {
				ALWAYS_SEARCH_USER_PATHS = NO;
				CLANG_ANALYZER_NONNULL = YES;
				CLANG_ANALYZER_NUMBER_OBJECT_CONVERSION = YES_AGGRESSIVE;
				CLANG_CXX_LANGUAGE_STANDARD = "gnu++14";
				CLANG_CXX_LIBRARY = "libc++";
				CLANG_ENABLE_MODULES = YES;
				CLANG_ENABLE_OBJC_ARC = YES;
				CLANG_ENABLE_OBJC_WEAK = YES;
				CLANG_WARN_BLOCK_CAPTURE_AUTORELEASING = YES;
				CLANG_WARN_BOOL_CONVERSION = YES;
				CLANG_WARN_COMMA = YES;
				CLANG_WARN_CONSTANT_CONVERSION = YES;
				CLANG_WARN_DEPRECATED_OBJC_IMPLEMENTATIONS = YES;
				CLANG_WARN_DIRECT_OBJC_ISA_USAGE = YES_ERROR;
				CLANG_WARN_DOCUMENTATION_COMMENTS = YES;
				CLANG_WARN_EMPTY_BODY = YES;
				CLANG_WARN_ENUM_CONVERSION = YES;
				CLANG_WARN_INFINITE_RECURSION = YES;
				CLANG_WARN_INT_CONVERSION = YES;
				CLANG_WARN_NON_LITERAL_NULL_CONVERSION = YES;
				CLANG_WARN_OBJC_IMPLICIT_RETAIN_SELF = YES;
				CLANG_WARN_OBJC_LITERAL_CONVERSION = YES;
				CLANG_WARN_OBJC_ROOT_CLASS = YES_ERROR;
				CLANG_WARN_QUOTED_INCLUDE_IN_FRAMEWORK_HEADER = YES;
				CLANG_WARN_RANGE_LOOP_ANALYSIS = YES;
				CLANG_WARN_STRICT_PROTOTYPES = YES;
				CLANG_WARN_SUSPICIOUS_MOVE = YES;
				CLANG_WARN_UNGUARDED_AVAILABILITY = YES_AGGRESSIVE;
				CLANG_WARN_UNREACHABLE_CODE = YES;
				CLANG_WARN__DUPLICATE_METHOD_MATCH = YES;
				COPY_PHASE_STRIP = NO;
				CURRENT_PROJECT_VERSION = 1;
				DEBUG_INFORMATION_FORMAT = "dwarf-with-dsym";
				ENABLE_NS_ASSERTIONS = NO;
				ENABLE_STRICT_OBJC_MSGSEND = YES;
				GCC_C_LANGUAGE_STANDARD = gnu11;
				GCC_NO_COMMON_BLOCKS = YES;
				GCC_WARN_64_TO_32_BIT_CONVERSION = YES;
				GCC_WARN_ABOUT_RETURN_TYPE = YES_ERROR;
				GCC_WARN_UNDECLARED_SELECTOR = YES;
				GCC_WARN_UNINITIALIZED_AUTOS = YES_AGGRESSIVE;
				GCC_WARN_UNUSED_FUNCTION = YES;
				GCC_WARN_UNUSED_VARIABLE = YES;
				IPHONEOS_DEPLOYMENT_TARGET = 17.0;
				MARKETING_VERSION = 1.0.0;
				MTL_ENABLE_DEBUG_INFO = NO;
				MTL_FAST_MATH = YES;
				PRODUCT_NAME = "$(TARGET_NAME)";
				SWIFT_COMPILATION_MODE = wholemodule;
				SWIFT_OPTIMIZATION_LEVEL = "-O";
				SWIFT_VERSION = 5.9;
				WATCHOS_DEPLOYMENT_TARGET = 10.0;
			};
			name = Release;
		};
/* End XCBuildConfiguration section */

/* Begin XCConfigurationList section */
		610104E62BD0AFD37C97263D /* Build configuration list for PBXNativeTarget "NovaPulse" */ = {
			isa = XCConfigurationList;
			buildConfigurations = (
				EF75514892988E400D0D56AF /* Debug */,
				9475FA940EC0B25939299794 /* Release */,
			);
			defaultConfigurationIsVisible = 0;
			defaultConfigurationName = Debug;
		};
		A6B2459210EFCD6EFA0B53A4 /* Build configuration list for PBXProject "NovaPulse" */ = {
			isa = XCConfigurationList;
			buildConfigurations = (
				D09F3278804C9479AA890739 /* Debug */,
				F8C521627BB1F469A2F1A0DA /* Release */,
			);
			defaultConfigurationIsVisible = 0;
			defaultConfigurationName = Debug;
		};
		C2BFCE0107B08CE95F6AB933 /* Build configuration list for PBXNativeTarget "NovaPulseWidget" */ = {
			isa = XCConfigurationList;
			buildConfigurations = (
				F879AC4B9A3033792BA8BCBB /* Debug */,
				F01986782E3BC08E248CBEFF /* Release */,
			);
			defaultConfigurationIsVisible = 0;
			defaultConfigurationName = Debug;
		};
		E13C9EB7019C492A8E423EC3 /* Build configuration list for PBXNativeTarget "NovaPulseWatchWidget" */ = {
			isa = XCConfigurationList;
			buildConfigurations = (
				465B4CB4802F606CEF163972 /* Debug */,
				1CCDE94FA4881B58533111D9 /* Release */,
			);
			defaultConfigurationIsVisible = 0;
			defaultConfigurationName = Debug;
		};
		EC7E0AF505C38E9A92A73C40 /* Build configuration list for PBXNativeTarget "NovaPulseWatch" */ = {
			isa = XCConfigurationList;
			buildConfigurations = (
				846557891D72A5D36B694C5B /* Debug */,
				0C82D4B24567E87FDF2ECB15 /* Release */,
			);
			defaultConfigurationIsVisible = 0;
			defaultConfigurationName = Debug;
		};
/* End XCConfigurationList section */
	};
	rootObject = E121263AB4EFEC7D945EA220 /* Project object */;
}
